{
  "name": "test-package-consumer",
  "version": "1.0.0",
  "lockfileVersion": 3,
  "requires": true,
  "packages": {
    "": {
      "name": "test-package-consumer",
      "version": "1.0.0",
      "license": "ISC",
      "dependencies": {
        "@harshaldbagul/hello-world": "^1.0.1"
      }
    },
    "node_modules/@harshaldbagul/hello-world": {
      "version": "1.0.1",
      "resolved": "https://registry.npmjs.org/@harshaldbagul/hello-world/-/hello-world-1.0.1.tgz",
      "integrity": "sha512-jzdymCJ3SaNHciRRR3fVxFPuYH5qZPmlfrczn2fHB6fUHXZdnqPXH/5s/Hh8g472wx62cLfhEF6DVJdsNmYEJA=="
    }
  }
}
